<?xml version="1.0" encoding="utf-8"?>
<Project ToolsVersion="4.0" xmlns="http://schemas.microsoft.com/developer/msbuild/2003">
  <ItemGroup>
    <Filter Include="Source Files">
      <UniqueIdentifier>{4FC737F1-C7A5-4376-A066-2A32D752A2FF}</UniqueIdentifier>
      <Extensions>cpp;c;cxx;def;odl;idl;hpj;bat;asm;asmx</Extensions>
    </Filter>
    <Filter Include="Header Files">
      <UniqueIdentifier>{93995380-89BD-4b04-88EB-625FBE52EBFB}</UniqueIdentifier>
      <Extensions>h;hpp;hxx;hm;inl;inc;xsd</Extensions>
    </Filter>
    <Filter Include="Resource Files">
      <UniqueIdentifier>{67DA6AB6-F800-4c08-8B7A-83BB121AAD01}</UniqueIdentifier>
      <Extensions>rc;ico;cur;bmp;dlg;rc2;rct;bin;rgs;gif;jpg;jpeg;jpe;resx</Extensions>
    </Filter>
    <Filter Include="Generated Files">
      <UniqueIdentifier>{6ab59ffb-0f5e-419c-9bbc-765d96fd30c7}</UniqueIdentifier>
    </Filter>
  </ItemGroup>
  <ItemGroup>
    <ClCompile Include="..\src\CommonDS.cpp">
      <Filter>Source Files</Filter>
    </ClCompile>
    <ClCompile Include="..\..\common\CommonTWAIN.cpp">
      <Filter>Source Files</Filter>
    </ClCompile>
    <ClCompile Include="..\src\CScanner_FreeImage.cpp">
      <Filter>Source Files</Filter>
    </ClCompile>
    <ClCompile Include="..\..\common\CTiffWriter.cpp">
      <Filter>Source Files</Filter>
    </ClCompile>
    <ClCompile Include="..\src\CTWAINDS_Base.cpp">
      <Filter>Source Files</Filter>
    </ClCompile>
    <ClCompile Include="..\src\CTWAINDS_FreeImage.cpp">
      <Filter>Source Files</Filter>
    </ClCompile>
    <ClCompile Include="..\src\CTWAINDS_Sample1.cpp">
      <Filter>Source Files</Filter>
    </ClCompile>
    <ClCompile Include="..\src\DSMInterface.cpp">
      <Filter>Source Files</Filter>
    </ClCompile>
    <ClCompile Include="..\src\Qt_About.cpp">
      <Filter>Source Files</Filter>
    </ClCompile>
    <ClCompile Include="..\src\Qt_MainForm.cpp">
      <Filter>Source Files</Filter>
    </ClCompile>
    <ClCompile Include="..\src\Qt_ProfileName.cpp">
      <Filter>Source Files</Filter>
    </ClCompile>
    <ClCompile Include="..\src\QT_UI.cpp">
      <Filter>Source Files</Filter>
    </ClCompile>
    <ClCompile Include="..\src\TWAIN_UI.cpp">
      <Filter>Source Files</Filter>
    </ClCompile>
    <ClCompile Include="..\src\TWAINContainer.cpp">
      <Filter>Source Files</Filter>
    </ClCompile>
    <ClCompile Include="..\src\TWAINContainerBool.cpp">
      <Filter>Source Files</Filter>
    </ClCompile>
    <ClCompile Include="..\src\TWAINContainerFix32.cpp">
      <Filter>Source Files</Filter>
    </ClCompile>
    <ClCompile Include="..\src\TWAINContainerFix32Range.cpp">
      <Filter>Source Files</Filter>
    </ClCompile>
    <ClCompile Include="..\src\TWAINContainerFrame.cpp">
      <Filter>Source Files</Filter>
    </ClCompile>
    <ClCompile Include="..\src\TWAINContainerInt.cpp">
      <Filter>Source Files</Filter>
    </ClCompile>
    <ClCompile Include="..\src\TWAINContainerString.cpp">
      <Filter>Source Files</Filter>
    </ClCompile>
    <ClCompile Include="..\src\GeneratedFiles\Win32\Release\moc_Qt_About.cpp">
      <Filter>Generated Files</Filter>
    </ClCompile>
    <ClCompile Include="..\src\GeneratedFiles\Win32\Debug\moc_Qt_About.cpp">
      <Filter>Generated Files</Filter>
    </ClCompile>
    <ClCompile Include="..\src\GeneratedFiles\x64\Release\moc_Qt_About.cpp">
      <Filter>Generated Files</Filter>
    </ClCompile>
    <ClCompile Include="..\src\GeneratedFiles\x64\Debug\moc_Qt_About.cpp">
      <Filter>Generated Files</Filter>
    </ClCompile>
    <ClCompile Include="..\src\GeneratedFiles\x64\Release\moc_Qt_MainForm.cpp">
      <Filter>Generated Files</Filter>
    </ClCompile>
    <ClCompile Include="..\src\GeneratedFiles\x64\Debug\moc_Qt_MainForm.cpp">
      <Filter>Generated Files</Filter>
    </ClCompile>
    <ClCompile Include="..\src\GeneratedFiles\Win32\Release\moc_Qt_MainForm.cpp">
      <Filter>Generated Files</Filter>
    </ClCompile>
    <ClCompile Include="..\src\GeneratedFiles\Win32\Debug\moc_Qt_MainForm.cpp">
      <Filter>Generated Files</Filter>
    </ClCompile>
    <ClCompile Include="..\src\GeneratedFiles\x64\Release\moc_Qt_ProfileName.cpp">
      <Filter>Generated Files</Filter>
    </ClCompile>
    <ClCompile Include="..\src\GeneratedFiles\x64\Debug\moc_Qt_ProfileName.cpp">
      <Filter>Generated Files</Filter>
    </ClCompile>
    <ClCompile Include="..\src\GeneratedFiles\Win32\Release\moc_Qt_ProfileName.cpp">
      <Filter>Generated Files</Filter>
    </ClCompile>
    <ClCompile Include="..\src\GeneratedFiles\Win32\Debug\moc_Qt_ProfileName.cpp">
      <Filter>Generated Files</Filter>
    </ClCompile>
    <ClCompile Include="..\src\GeneratedFiles\qrc_qtresources.cpp">
      <Filter>Generated Files</Filter>
    </ClCompile>
  </ItemGroup>
  <ItemGroup>
    <ClInclude Include="..\..\common\Common.h">
      <Filter>Header Files</Filter>
    </ClInclude>
    <ClInclude Include="..\src\CommonDS.h">
      <Filter>Header Files</Filter>
    </ClInclude>
    <ClInclude Include="..\..\common\CommonTWAIN.h">
      <Filter>Header Files</Filter>
    </ClInclude>
    <ClInclude Include="..\src\CScanner_FreeImage.h">
      <Filter>Header Files</Filter>
    </ClInclude>
    <ClInclude Include="..\..\common\CTiffWriter.h">
      <Filter>Header Files</Filter>
    </ClInclude>
    <ClInclude Include="..\src\CTWAINDS_Base.h">
      <Filter>Header Files</Filter>
    </ClInclude>
    <ClInclude Include="..\src\CTWAINDS_FreeImage.h">
      <Filter>Header Files</Filter>
    </ClInclude>
    <ClInclude Include="..\src\CTWAINDS_Sample1.h">
      <Filter>Header Files</Filter>
    </ClInclude>
    <ClInclude Include="..\src\DSMInterface.h">
      <Filter>Header Files</Filter>
    </ClInclude>
    <ClInclude Include="..\src\QT_UI.h">
      <Filter>Header Files</Filter>
    </ClInclude>
    <ClInclude Include="resource.h">
      <Filter>Header Files</Filter>
    </ClInclude>
    <ClInclude Include="..\src\TWAIN_UI.h">
      <Filter>Header Files</Filter>
    </ClInclude>
    <ClInclude Include="..\src\TWAINContainer.h">
      <Filter>Header Files</Filter>
    </ClInclude>
    <ClInclude Include="..\src\TWAINContainerBool.h">
      <Filter>Header Files</Filter>
    </ClInclude>
    <ClInclude Include="..\src\TWAINContainerFix32.h">
      <Filter>Header Files</Filter>
    </ClInclude>
    <ClInclude Include="..\src\TWAINContainerFix32Range.h">
      <Filter>Header Files</Filter>
    </ClInclude>
    <ClInclude Include="..\src\TWAINContainerFrame.h">
      <Filter>Header Files</Filter>
    </ClInclude>
    <ClInclude Include="..\src\TWAINContainerInt.h">
      <Filter>Header Files</Filter>
    </ClInclude>
    <ClInclude Include="..\src\TWAINContainerString.h">
      <Filter>Header Files</Filter>
    </ClInclude>
    <ClInclude Include="..\src\GeneratedFiles\ui_About.h">
      <Filter>Generated Files</Filter>
    </ClInclude>
    <ClInclude Include="..\src\GeneratedFiles\ui_MainForm.h">
      <Filter>Generated Files</Filter>
    </ClInclude>
    <ClInclude Include="..\src\GeneratedFiles\ui_ProfileName.h">
      <Filter>Generated Files</Filter>
    </ClInclude>
  </ItemGroup>
  <ItemGroup>
    <ResourceCompile Include="TWAINDS_GUI.rc">
      <Filter>Resource Files</Filter>
    </ResourceCompile>
  </ItemGroup>
  <ItemGroup>
    <Image Include="..\src\TWG-Logo.png">
      <Filter>Resource Files</Filter>
    </Image>
    <Image Include="..\src\TWG-LogoSmall.png">
      <Filter>Resource Files</Filter>
    </Image>
  </ItemGroup>
  <ItemGroup>
    <CustomBuild Include="..\src\Qt_About.h">
      <Filter>Header Files</Filter>
    </CustomBuild>
    <CustomBuild Include="..\src\Qt_MainForm.h">
      <Filter>Header Files</Filter>
    </CustomBuild>
    <CustomBuild Include="..\src\Qt_ProfileName.h">
      <Filter>Header Files</Filter>
    </CustomBuild>
    <CustomBuild Include="..\src\About.ui">
      <Filter>Resource Files</Filter>
    </CustomBuild>
    <CustomBuild Include="..\src\MainForm.ui">
      <Filter>Resource Files</Filter>
    </CustomBuild>
    <CustomBuild Include="..\src\ProfileName.ui">
      <Filter>Resource Files</Filter>
    </CustomBuild>
    <CustomBuild Include="..\src\qtresources.qrc">
      <Filter>Resource Files</Filter>
    </CustomBuild>
  </ItemGroup>
</Project>